
Microsoft Visual Studio Solution File, Format Version 12.00
# Visual Studio Version 17
VisualStudioVersion = 17.5.002.0
MinimumVisualStudioVersion = 10.0.40219.1
Project("{9A19103F-16F7-4668-BE54-9A1E7A4F7556}") = "wordfinder", "wordfinder.csproj", "{A769896A-5A22-4B7B-8E31-E7713F4C52A9}"
EndProject
Global
	GlobalSection(SolutionConfigurationPlatforms) = preSolution
		Debug|Any CPU = Debug|Any CPU
		Release|Any CPU = Release|Any CPU
	EndGlobalSection
	GlobalSection(ProjectConfigurationPlatforms) = postSolution
		{A769896A-5A22-4B7B-8E31-E7713F4C52A9}.Debug|Any CPU.ActiveCfg = Debug|Any CPU
		{A769896A-5A22-4B7B-8E31-E7713F4C52A9}.Debug|Any CPU.Build.0 = Debug|Any CPU
		{A769896A-5A22-4B7B-8E31-E7713F4C52A9}.Release|Any CPU.ActiveCfg = Release|Any CPU
		{A769896A-5A22-4B7B-8E31-E7713F4C52A9}.Release|Any CPU.Build.0 = Release|Any CPU
	EndGlobalSection
	GlobalSection(SolutionProperties) = preSolution
		HideSolutionNode = FALSE
	EndGlobalSection
	GlobalSection(ExtensibilityGlobals) = postSolution
		SolutionGuid = {0E0093AF-3790-4F84-A42F-C43BCF7FA47D}
	EndGlobalSection
EndGlobal
